
Microsoft Visual Studio Solution File, Format Version 12.00
# Visual Studio Version 17
VisualStudioVersion = 17.12.35514.174 d17.12
MinimumVisualStudioVersion = 10.0.40219.1
Project("{FAE04EC0-301F-11D3-BF4B-00C04F79EFBC}") = "MarsRover", "MarsRover\MarsRover.csproj", "{F698DB3A-14F6-4326-9DED-08DBE287DA0D}"
EndProject
Project("{FAE04EC0-301F-11D3-BF4B-00C04F79EFBC}") = "MarsRover.Tests", "MarsRover.Tests\MarsRover.Tests.csproj", "{9ABB9748-52DD-4744-BDC6-D2DA4F4DF71D}"
EndProject
Global
	GlobalSection(SolutionConfigurationPlatforms) = preSolution
		Debug|Any CPU = Debug|Any CPU
		Release|Any CPU = Release|Any CPU
	EndGlobalSection
	GlobalSection(ProjectConfigurationPlatforms) = postSolution
		{F698DB3A-14F6-4326-9DED-08DBE287DA0D}.Debug|Any CPU.ActiveCfg = Debug|Any CPU
		{F698DB3A-14F6-4326-9DED-08DBE287DA0D}.Debug|Any CPU.Build.0 = Debug|Any CPU
		{F698DB3A-14F6-4326-9DED-08DBE287DA0D}.Release|Any CPU.ActiveCfg = Release|Any CPU
		{F698DB3A-14F6-4326-9DED-08DBE287DA0D}.Release|Any CPU.Build.0 = Release|Any CPU
		{9ABB9748-52DD-4744-BDC6-D2DA4F4DF71D}.Debug|Any CPU.ActiveCfg = Debug|Any CPU
		{9ABB9748-52DD-4744-BDC6-D2DA4F4DF71D}.Debug|Any CPU.Build.0 = Debug|Any CPU
		{9ABB9748-52DD-4744-BDC6-D2DA4F4DF71D}.Release|Any CPU.ActiveCfg = Release|Any CPU
		{9ABB9748-52DD-4744-BDC6-D2DA4F4DF71D}.Release|Any CPU.Build.0 = Release|Any CPU
	EndGlobalSection
	GlobalSection(SolutionProperties) = preSolution
		HideSolutionNode = FALSE
	EndGlobalSection
EndGlobal
